// !$*UTF8*$!
{
	archiveVersion = 1;
	classes = {
	};
	objectVersion = 46;
	objects = {

/* Begin PBXBuildFile section */
		EF475BE31DA5399B007C6C49 /* AppDelegate.swift in Sources */ = {isa = PBXBuildFile; fileRef = EF475BE21DA5399B007C6C49 /* AppDelegate.swift */; };
		EF475BE51DA5399B007C6C49 /* ViewController.swift in Sources */ = {isa = PBXBuildFile; fileRef = EF475BE41DA5399B007C6C49 /* ViewController.swift */; };
		EF475BE81DA5399B007C6C49 /* Main.storyboard in Resources */ = {isa = PBXBuildFile; fileRef = EF475BE61DA5399B007C6C49 /* Main.storyboard */; };
		EF475BEA1DA5399B007C6C49 /* Assets.xcassets in Resources */ = {isa = PBXBuildFile; fileRef = EF475BE91DA5399B007C6C49 /* Assets.xcassets */; };
		EF475BED1DA5399B007C6C49 /* LaunchScreen.storyboard in Resources */ = {isa = PBXBuildFile; fileRef = EF475BEB1DA5399B007C6C49 /* LaunchScreen.storyboard */; };
/* End PBXBuildFile section */

/* Begin PBXFileReference section */
		EF475BDF1DA5399B007C6C49 /* ope.app */ = {isa = PBXFileReference; explicitFileType = wrapper.application; includeInIndex = 0; path = ope.app; sourceTree = BUILT_PRODUCTS_DIR; };
		EF475BE21DA5399B007C6C49 /* AppDelegate.swift */ = {isa = PBXFileReference; lastKnownFileType = sourcecode.swift; path = AppDelegate.swift; sourceTree = "<group>"; };
		EF475BE41DA5399B007C6C49 /* ViewController.swift */ = {isa = PBXFileReference; lastKnownFileType = sourcecode.swift; path = ViewController.swift; sourceTree = "<group>"; };
		EF475BE71DA5399B007C6C49 /* Base */ = {isa = PBXFileReference; lastKnownFileType = file.storyboard; name = Base; path = Base.lproj/Main.storyboard; sourceTree = "<group>"; };
		EF475BE91DA5399B007C6C49 /* Assets.xcassets */ = {isa = PBXFileReference; lastKnownFileType = folder.assetcatalog; path = Assets.xcassets; sourceTree = "<group>"; };
		EF475BEC1DA5399B007C6C49 /* Base */ = {isa = PBXFileReference; lastKnownFileType = file.storyboard; name = Base; path = Base.lproj/LaunchScreen.storyboard; sourceTree = "<group>"; };
		EF475BEE1DA5399B007C6C49 /* Info.plist */ = {isa = PBXFileReference; lastKnownFileType = text.plist.xml; path = Info.plist; sourceTree = "<group>"; };
/* End PBXFileReference section */

/* Begin PBXFrameworksBuildPhase section */
		EF475BDC1DA5399B007C6C49 /* Frameworks */ = {
			isa = PBXFrameworksBuildPhase;
			buildActionMask = 2147483647;
			files = (
			);
			runOnlyForDeploymentPostprocessing = 0;
		};
/* End PBXFrameworksBuildPhase section */

/* Begin PBXGroup section */
		EF475BD61DA5399B007C6C49 = {
			isa = PBXGroup;
			children = (
				EF475BE11DA5399B007C6C49 /* ope */,
				EF475BE01DA5399B007C6C49 /* Products */,
			);
			sourceTree = "<group>";
		};
		EF475BE01DA5399B007C6C49 /* Products */ = {
			isa = PBXGroup;
			children = (
				EF475BDF1DA5399B007C6C49 /* ope.app */,
			);
			name = Products;
			sourceTree = "<group>";
		};
		EF475BE11DA5399B007C6C49 /* ope */ = {
			isa = PBXGroup;
			children = (
				EF475BE21DA5399B007C6C49 /* AppDelegate.swift */,
				EF475BE41DA5399B007C6C49 /* ViewController.swift */,
				EF475BE61DA5399B007C6C49 /* Main.storyboard */,
				EF475BE91DA5399B007C6C49 /* Assets.xcassets */,
				EF475BEB1DA5399B007C6C49 /* LaunchScreen.storyboard */,
				EF475BEE1DA5399B007C6C49 /* Info.plist */,
			);
			path = ope;
			sourceTree = "<group>";
		};
/* End PBXGroup section */

/* Begin PBXNativeTarget section */
		EF475BDE1DA5399B007C6C49 /* ope */ = {
			isa = PBXNativeTarget;
			buildConfigurationList = EF475BF11DA5399B007C6C49 /* Build configuration list for PBXNativeTarget "ope" */;
			buildPhases = (
				EF475BDB1DA5399B007C6C49 /* Sources */,
				EF475BDC1DA5399B007C6C49 /* Frameworks */,
				EF475BDD1DA5399B007C6C49 /* Resources */,
			);
			buildRules = (
			);
			dependencies = (
			);
			name = ope;
			productName = ope;
			productReference = EF475BDF1DA5399B007C6C49 /* ope.app */;
			productType = "com.apple.product-type.application";
		};
/* End PBXNativeTarget section */

/* Begin PBXProject section */
		EF475BD71DA5399B007C6C49 /* Project object */ = {
			isa = PBXProject;
			attributes = {
				LastSwiftUpdateCheck = 0730;
				LastUpgradeCheck = 0730;
				ORGANIZATIONNAME = KanIshijima;
				TargetAttributes = {
					EF475BDE1DA5399B007C6C49 = {
						CreatedOnToolsVersion = 7.3.1;
					};
				};
			};
			buildConfigurationList = EF475BDA1DA5399B007C6C49 /* Build configuration list for PBXProject "ope" */;
			compatibilityVersion = "Xcode 3.2";
			developmentRegion = English;
			hasScannedForEncodings = 0;
			knownRegions = (
				en,
				Base,
			);
			mainGroup = EF475BD61DA5399B007C6C49;
			productRefGroup = EF475BE01DA5399B007C6C49 /* Products */;
			projectDirPath = "";
			projectRoot = "";
			targets = (
				EF475BDE1DA5399B007C6C49 /* ope */,
			);
		};
/* End PBXProject section */

/* Begin PBXResourcesBuildPhase section */
		EF475BDD1DA5399B007C6C49 /* Resources */ = {
			isa = PBXResourcesBuildPhase;
			buildActionMask = 2147483647;
			files = (
				EF475BED1DA5399B007C6C49 /* LaunchScreen.storyboard in Resources */,
				EF475BEA1DA5399B007C6C49 /* Assets.xcassets in Resources */,
				EF475BE81DA5399B007C6C49 /* Main.storyboard in Resources */,
			);
			runOnlyForDeploymentPostprocessing = 0;
		};
/* End PBXResourcesBuildPhase section */

/* Begin PBXSourcesBuildPhase section */
		EF475BDB1DA5399B007C6C49 /* Sources */ = {
			isa = PBXSourcesBuildPhase;
			buildActionMask = 2147483647;
			files = (
				EF475BE51DA5399B007C6C49 /* ViewController.swift in Sources */,
				EF475BE31DA5399B007C6C49 /* AppDelegate.swift in Sources */,
			);
			runOnlyForDeploymentPostprocessing = 0;
		};
/* End PBXSourcesBuildPhase section */

/* Begin PBXVariantGroup section */
		EF475BE61DA5399B007C6C49 /* Main.storyboard */ = {
			isa = PBXVariantGroup;
			children = (
				EF475BE71DA5399B007C6C49 /* Base */,
			);
			name = Main.storyboard;
			sourceTree = "<group>";
		};
		EF475BEB1DA5399B007C6C49 /* LaunchScreen.storyboard */ = {
			isa = PBXVariantGroup;
			children = (
				EF475BEC1DA5399B007C6C49 /* Base */,
			);
			name = LaunchScreen.storyboard;
			sourceTree = "<group>";
		};
/* End PBXVariantGroup section */

/* Begin XCBuildConfiguration section */
		EF475BEF1DA5399B007C6C49 /* Debug */ = {
			isa = XCBuildConfiguration;
			buildSettings = {
				ALWAYS_SEARCH_USER_PATHS = NO;
				CLANG_ANALYZER_NONNULL = YES;
				CLANG_CXX_LANGUAGE_STANDARD = "gnu++0x";
				CLANG_CXX_LIBRARY = "libc++";
				CLANG_ENABLE_MODULES = YES;
				CLANG_ENABLE_OBJC_ARC = YES;
				CLANG_WARN_BOOL_CONVERSION = YES;
				CLANG_WARN_CONSTANT_CONVERSION = YES;
				CLANG_WARN_DIRECT_OBJC_ISA_USAGE = YES_ERROR;
				CLANG_WARN_EMPTY_BODY = YES;
				CLANG_WARN_ENUM_CONVERSION = YES;
				CLANG_WARN_INT_CONVERSION = YES;
				CLANG_WARN_OBJC_ROOT_CLASS = YES_ERROR;
				CLANG_WARN_UNREACHABLE_CODE = YES;
				CLANG_WARN__DUPLICATE_METHOD_MATCH = YES;
				"CODE_SIGN_IDENTITY[sdk=iphoneos*]" = "iPhone Developer";
				COPY_PHASE_STRIP = NO;
				DEBUG_INFORMATION_FORMAT = dwarf;
				ENABLE_STRICT_OBJC_MSGSEND = YES;
				ENABLE_TESTABILITY = YES;
				GCC_C_LANGUAGE_STANDARD = gnu99;
				GCC_DYNAMIC_NO_PIC = NO;
				GCC_NO_COMMON_BLOCKS = YES;
				GCC_OPTIMIZATION_LEVEL = 0;
				GCC_PREPROCESSOR_DEFINITIONS = (
					"DEBUG=1",
					"$(inherited)",
				);
				GCC_WARN_64_TO_32_BIT_CONVERSION = YES;
				GCC_WARN_ABOUT_RETURN_TYPE = YES_ERROR;
				GCC_WARN_UNDECLARED_SELECTOR = YES;
				GCC_WARN_UNINITIALIZED_AUTOS = YES_AGGRESSIVE;
				GCC_WARN_UNUSED_FUNCTION = YES;
				GCC_WARN_UNUSED_VARIABLE = YES;
				IPHONEOS_DEPLOYMENT_TARGET = 9.3;
				MTL_ENABLE_DEBUG_INFO = YES;
				ONLY_ACTIVE_ARCH = YES;
				SDKROOT = iphoneos;
				SWIFT_OPTIMIZATION_LEVEL = "-Onone";
			};
			name = Debug;
		};
		EF475BF01DA5399B007C6C49 /* Release */ = {
			isa = XCBuildConfiguration;
			buildSettings = {
				ALWAYS_SEARCH_USER_PATHS = NO;
				CLANG_ANALYZER_NONNULL = YES;
				CLANG_CXX_LANGUAGE_STANDARD = "gnu++0x";
				CLANG_CXX_LIBRARY = "libc++";
				CLANG_ENABLE_MODULES = YES;
				CLANG_ENABLE_OBJC_ARC = YES;
				CLANG_WARN_BOOL_CONVERSION = YES;
				CLANG_WARN_CONSTANT_CONVERSION = YES;
				CLANG_WARN_DIRECT_OBJC_ISA_USAGE = YES_ERROR;
				CLANG_WARN_EMPTY_BODY = YES;
				CLANG_WARN_ENUM_CONVERSION = YES;
				CLANG_WARN_INT_CONVERSION = YES;
				CLANG_WARN_OBJC_ROOT_CLASS = YES_ERROR;
				CLANG_WARN_UNREACHABLE_CODE = YES;
				CLANG_WARN__DUPLICATE_METHOD_MATCH = YES;
				"CODE_SIGN_IDENTITY[sdk=iphoneos*]" = "iPhone Developer";
				COPY_PHASE_STRIP = NO;
				DEBUG_INFORMATION_FORMAT = "dwarf-with-dsym";
				ENABLE_NS_ASSERTIONS = NO;
				ENABLE_STRICT_OBJC_MSGSEND = YES;
				GCC_C_LANGUAGE_STANDARD = gnu99;
				GCC_NO_COMMON_BLOCKS = YES;
				GCC_WARN_64_TO_32_BIT_CONVERSION = YES;
				GCC_WARN_ABOUT_RETURN_TYPE = YES_ERROR;
				GCC_WARN_UNDECLARED_SELECTOR = YES;
				GCC_WARN_UNINITIALIZED_AUTOS = YES_AGGRESSIVE;
				GCC_WARN_UNUSED_FUNCTION = YES;
				GCC_WARN_UNUSED_VARIABLE = YES;
				IPHONEOS_DEPLOYMENT_TARGET = 9.3;
				MTL_ENABLE_DEBUG_INFO = NO;
				SDKROOT = iphoneos;
				VALIDATE_PRODUCT = YES;
			};
			name = Release;
		};
		EF475BF21DA5399B007C6C49 /* Debug */ = {
			isa = XCBuildConfiguration;
			buildSettings = {
				ASSETCATALOG_COMPILER_APPICON_NAME = AppIcon;
				INFOPLIST_FILE = ope/Info.plist;
				LD_RUNPATH_SEARCH_PATHS = "$(inherited) @executable_path/Frameworks";
				PRODUCT_BUNDLE_IDENTIFIER = jp.techacademy.KanIshijima.ope;
				PRODUCT_NAME = "$(TARGET_NAME)";
			};
			name = Debug;
		};
		EF475BF31DA5399B007C6C49 /* Release */ = {
			isa = XCBuildConfiguration;
			buildSettings = {
				ASSETCATALOG_COMPILER_APPICON_NAME = AppIcon;
				INFOPLIST_FILE = ope/Info.plist;
				LD_RUNPATH_SEARCH_PATHS = "$(inherited) @executable_path/Frameworks";
				PRODUCT_BUNDLE_IDENTIFIER = jp.techacademy.KanIshijima.ope;
				PRODUCT_NAME = "$(TARGET_NAME)";
			};
			name = Release;
		};
/* End XCBuildConfiguration section */

/* Begin XCConfigurationList section */
		EF475BDA1DA5399B007C6C49 /* Build configuration list for PBXProject "ope" */ = {
			isa = XCConfigurationList;
			buildConfigurations = (
				EF475BEF1DA5399B007C6C49 /* Debug */,
				EF475BF01DA5399B007C6C49 /* Release */,
			);
			defaultConfigurationIsVisible = 0;
			defaultConfigurationName = Release;
		};
		EF475BF11DA5399B007C6C49 /* Build configuration list for PBXNativeTarget "ope" */ = {
			isa = XCConfigurationList;
			buildConfigurations = (
				EF475BF21DA5399B007C6C49 /* Debug */,
				EF475BF31DA5399B007C6C49 /* Release */,
			);
			defaultConfigurationIsVisible = 0;
		};
/* End XCConfigurationList section */
	};
	rootObject = EF475BD71DA5399B007C6C49 /* Project object */;
}
